
Microsoft Visual Studio Solution File, Format Version 12.00
# Visual Studio Version 17
VisualStudioVersion = 17.3.32901.215
MinimumVisualStudioVersion = 10.0.40219.1
Project("{9A19103F-16F7-4668-BE54-9A1E7A4F7556}") = "AutomobileLibrary", "AutomobileLibrary\AutomobileLibrary.csproj", "{69684855-6415-4229-9B3D-6E9390271C19}"
EndProject
Project("{FAE04EC0-301F-11D3-BF4B-00C04F79EFBC}") = "AutomobileWinApp", "AutomobileWinApp\AutomobileWinApp.csproj", "{F093D31A-0B3F-49CF-B57F-F5C825C09084}"
EndProject
Global
	GlobalSection(SolutionConfigurationPlatforms) = preSolution
		Debug|Any CPU = Debug|Any CPU
		Release|Any CPU = Release|Any CPU
	EndGlobalSection
	GlobalSection(ProjectConfigurationPlatforms) = postSolution
		{69684855-6415-4229-9B3D-6E9390271C19}.Debug|Any CPU.ActiveCfg = Debug|Any CPU
		{69684855-6415-4229-9B3D-6E9390271C19}.Debug|Any CPU.Build.0 = Debug|Any CPU
		{69684855-6415-4229-9B3D-6E9390271C19}.Release|Any CPU.ActiveCfg = Release|Any CPU
		{69684855-6415-4229-9B3D-6E9390271C19}.Release|Any CPU.Build.0 = Release|Any CPU
		{F093D31A-0B3F-49CF-B57F-F5C825C09084}.Debug|Any CPU.ActiveCfg = Debug|Any CPU
		{F093D31A-0B3F-49CF-B57F-F5C825C09084}.Debug|Any CPU.Build.0 = Debug|Any CPU
		{F093D31A-0B3F-49CF-B57F-F5C825C09084}.Release|Any CPU.ActiveCfg = Release|Any CPU
		{F093D31A-0B3F-49CF-B57F-F5C825C09084}.Release|Any CPU.Build.0 = Release|Any CPU
	EndGlobalSection
	GlobalSection(SolutionProperties) = preSolution
		HideSolutionNode = FALSE
	EndGlobalSection
	GlobalSection(ExtensibilityGlobals) = postSolution
		SolutionGuid = {A5184E93-A619-4DAD-B4CC-ABA38398D6E7}
	EndGlobalSection
EndGlobal
